
Microsoft Visual Studio Solution File, Format Version 12.00
# Visual Studio Version 17
VisualStudioVersion = 17.0.32014.148
MinimumVisualStudioVersion = 10.0.40219.1
Project("{9A19103F-16F7-4668-BE54-9A1E7A4F7556}") = "GitHubAction.Console", "GitHubAction.Console\GitHubAction.Console.csproj", "{331E2E6E-7B7F-4441-8F94-83D17E531DB8}"
EndProject
Project("{9A19103F-16F7-4668-BE54-9A1E7A4F7556}") = "Package.Gateway", "Package.Gateway\Package.Gateway.csproj", "{49162F99-0BBF-4011-A804-B268AAD5AD26}"
EndProject
Project("{9A19103F-16F7-4668-BE54-9A1E7A4F7556}") = "Package.Application", "Package.Application\Package.Application.csproj", "{35000553-10BF-46E6-885C-14826FB415B9}"
EndProject
Project("{9A19103F-16F7-4668-BE54-9A1E7A4F7556}") = "Package.Domain", "Package.Domain\Package.Domain.csproj", "{E0DF195B-E2D8-42D2-A59A-7A02CF85DF28}"
EndProject
Project("{9A19103F-16F7-4668-BE54-9A1E7A4F7556}") = "UploadArtifactApi", "UploadArtifactApi\UploadArtifactApi.csproj", "{0E57DB04-B849-4D6D-B1A8-AA57730DA4F7}"
EndProject
Project("{9A19103F-16F7-4668-BE54-9A1E7A4F7556}") = "ArtifactDeploymentInfoApi", "ArtifactDeploymentInfoApi\ArtifactDeploymentInfoApi.csproj", "{D1745B28-4B8F-43E4-80BC-012160ABE3A5}"
EndProject
Project("{9A19103F-16F7-4668-BE54-9A1E7A4F7556}") = "DeployArtifactApi", "DeployArtifactApi\DeployArtifactApi.csproj", "{AFFE789C-CC82-44DC-8DFC-63ECB16B7C2B}"
EndProject
Project("{2150E333-8FDC-42A3-9474-1A3956D46DE8}") = "APIs", "APIs", "{BC463BC6-DAED-4BB3-B43F-58C29C588EEB}"
EndProject
Project("{2150E333-8FDC-42A3-9474-1A3956D46DE8}") = "main", "main", "{49725CFD-8E87-404D-B875-A71B8F7AFE6D}"
EndProject
Project("{2150E333-8FDC-42A3-9474-1A3956D46DE8}") = "tests", "tests", "{06CCDF13-3E12-478F-B6F6-3738140EE648}"
EndProject
Project("{9A19103F-16F7-4668-BE54-9A1E7A4F7556}") = "GitHubAction.UnitTest", "GitHubAction.UnitTest\GitHubAction.UnitTest.csproj", "{A11D9F94-A6BE-40E7-9350-A82CB9A6358B}"
EndProject
Project("{9A19103F-16F7-4668-BE54-9A1E7A4F7556}") = "Package.Gateway.UnitTest", "Package.Gateway.UnitTest\Package.Gateway.UnitTest.csproj", "{2F215C94-4F8B-4086-A2FF-ECC80134428D}"
EndProject
Project("{9A19103F-16F7-4668-BE54-9A1E7A4F7556}") = "Package.Application.UnitTest", "Package.Application.UnitTest\Package.Application.UnitTest.csproj", "{BA95594A-7524-4827-B1A6-64CB38B79F9F}"
EndProject
Project("{9A19103F-16F7-4668-BE54-9A1E7A4F7556}") = "GitHubAction", "GitHubAction\GitHubAction.csproj", "{FE3F9834-D3BE-47BC-AD84-7F96C7CAF2E9}"
EndProject
Project("{9A19103F-16F7-4668-BE54-9A1E7A4F7556}") = "Package.Builder", "Package.Builder\Package.Builder.csproj", "{4E66AF52-110F-4FB9-873B-1364C96B8A0F}"
EndProject
Project("{9A19103F-16F7-4668-BE54-9A1E7A4F7556}") = "GitHubAction.Domain", "GitHubAction.domain\GitHubAction.Domain.csproj", "{8B5C33E3-6ECF-42EA-9A05-10AC9C7478F3}"
EndProject
Project("{FAE04EC0-301F-11D3-BF4B-00C04F79EFBC}") = "GitHubAction.Console.UnitTest", "GitHubAction.Console.UnitTest\GitHubAction.Console.UnitTest.csproj", "{21A15AB5-38A6-4E75-96A6-3FE67716EDE9}"
EndProject
Global
	GlobalSection(SolutionConfigurationPlatforms) = preSolution
		Debug|Any CPU = Debug|Any CPU
		Release|Any CPU = Release|Any CPU
	EndGlobalSection
	GlobalSection(ProjectConfigurationPlatforms) = postSolution
		{331E2E6E-7B7F-4441-8F94-83D17E531DB8}.Debug|Any CPU.ActiveCfg = Debug|Any CPU
		{331E2E6E-7B7F-4441-8F94-83D17E531DB8}.Debug|Any CPU.Build.0 = Debug|Any CPU
		{331E2E6E-7B7F-4441-8F94-83D17E531DB8}.Release|Any CPU.ActiveCfg = Release|Any CPU
		{331E2E6E-7B7F-4441-8F94-83D17E531DB8}.Release|Any CPU.Build.0 = Release|Any CPU
		{49162F99-0BBF-4011-A804-B268AAD5AD26}.Debug|Any CPU.ActiveCfg = Debug|Any CPU
		{49162F99-0BBF-4011-A804-B268AAD5AD26}.Debug|Any CPU.Build.0 = Debug|Any CPU
		{49162F99-0BBF-4011-A804-B268AAD5AD26}.Release|Any CPU.ActiveCfg = Release|Any CPU
		{49162F99-0BBF-4011-A804-B268AAD5AD26}.Release|Any CPU.Build.0 = Release|Any CPU
		{35000553-10BF-46E6-885C-14826FB415B9}.Debug|Any CPU.ActiveCfg = Debug|Any CPU
		{35000553-10BF-46E6-885C-14826FB415B9}.Debug|Any CPU.Build.0 = Debug|Any CPU
		{35000553-10BF-46E6-885C-14826FB415B9}.Release|Any CPU.ActiveCfg = Release|Any CPU
		{35000553-10BF-46E6-885C-14826FB415B9}.Release|Any CPU.Build.0 = Release|Any CPU
		{E0DF195B-E2D8-42D2-A59A-7A02CF85DF28}.Debug|Any CPU.ActiveCfg = Debug|Any CPU
		{E0DF195B-E2D8-42D2-A59A-7A02CF85DF28}.Debug|Any CPU.Build.0 = Debug|Any CPU
		{E0DF195B-E2D8-42D2-A59A-7A02CF85DF28}.Release|Any CPU.ActiveCfg = Release|Any CPU
		{E0DF195B-E2D8-42D2-A59A-7A02CF85DF28}.Release|Any CPU.Build.0 = Release|Any CPU
		{0E57DB04-B849-4D6D-B1A8-AA57730DA4F7}.Debug|Any CPU.ActiveCfg = Debug|Any CPU
		{0E57DB04-B849-4D6D-B1A8-AA57730DA4F7}.Debug|Any CPU.Build.0 = Debug|Any CPU
		{0E57DB04-B849-4D6D-B1A8-AA57730DA4F7}.Release|Any CPU.ActiveCfg = Release|Any CPU
		{0E57DB04-B849-4D6D-B1A8-AA57730DA4F7}.Release|Any CPU.Build.0 = Release|Any CPU
		{D1745B28-4B8F-43E4-80BC-012160ABE3A5}.Debug|Any CPU.ActiveCfg = Debug|Any CPU
		{D1745B28-4B8F-43E4-80BC-012160ABE3A5}.Debug|Any CPU.Build.0 = Debug|Any CPU
		{D1745B28-4B8F-43E4-80BC-012160ABE3A5}.Release|Any CPU.ActiveCfg = Release|Any CPU
		{D1745B28-4B8F-43E4-80BC-012160ABE3A5}.Release|Any CPU.Build.0 = Release|Any CPU
		{AFFE789C-CC82-44DC-8DFC-63ECB16B7C2B}.Debug|Any CPU.ActiveCfg = Debug|Any CPU
		{AFFE789C-CC82-44DC-8DFC-63ECB16B7C2B}.Debug|Any CPU.Build.0 = Debug|Any CPU
		{AFFE789C-CC82-44DC-8DFC-63ECB16B7C2B}.Release|Any CPU.ActiveCfg = Release|Any CPU
		{AFFE789C-CC82-44DC-8DFC-63ECB16B7C2B}.Release|Any CPU.Build.0 = Release|Any CPU
		{A11D9F94-A6BE-40E7-9350-A82CB9A6358B}.Debug|Any CPU.ActiveCfg = Debug|Any CPU
		{A11D9F94-A6BE-40E7-9350-A82CB9A6358B}.Debug|Any CPU.Build.0 = Debug|Any CPU
		{A11D9F94-A6BE-40E7-9350-A82CB9A6358B}.Release|Any CPU.ActiveCfg = Release|Any CPU
		{A11D9F94-A6BE-40E7-9350-A82CB9A6358B}.Release|Any CPU.Build.0 = Release|Any CPU
		{2F215C94-4F8B-4086-A2FF-ECC80134428D}.Debug|Any CPU.ActiveCfg = Debug|Any CPU
		{2F215C94-4F8B-4086-A2FF-ECC80134428D}.Debug|Any CPU.Build.0 = Debug|Any CPU
		{2F215C94-4F8B-4086-A2FF-ECC80134428D}.Release|Any CPU.ActiveCfg = Release|Any CPU
		{2F215C94-4F8B-4086-A2FF-ECC80134428D}.Release|Any CPU.Build.0 = Release|Any CPU
		{BA95594A-7524-4827-B1A6-64CB38B79F9F}.Debug|Any CPU.ActiveCfg = Debug|Any CPU
		{BA95594A-7524-4827-B1A6-64CB38B79F9F}.Debug|Any CPU.Build.0 = Debug|Any CPU
		{BA95594A-7524-4827-B1A6-64CB38B79F9F}.Release|Any CPU.ActiveCfg = Release|Any CPU
		{BA95594A-7524-4827-B1A6-64CB38B79F9F}.Release|Any CPU.Build.0 = Release|Any CPU
		{FE3F9834-D3BE-47BC-AD84-7F96C7CAF2E9}.Debug|Any CPU.ActiveCfg = Debug|Any CPU
		{FE3F9834-D3BE-47BC-AD84-7F96C7CAF2E9}.Debug|Any CPU.Build.0 = Debug|Any CPU
		{FE3F9834-D3BE-47BC-AD84-7F96C7CAF2E9}.Release|Any CPU.ActiveCfg = Release|Any CPU
		{FE3F9834-D3BE-47BC-AD84-7F96C7CAF2E9}.Release|Any CPU.Build.0 = Release|Any CPU
		{4E66AF52-110F-4FB9-873B-1364C96B8A0F}.Debug|Any CPU.ActiveCfg = Debug|Any CPU
		{4E66AF52-110F-4FB9-873B-1364C96B8A0F}.Debug|Any CPU.Build.0 = Debug|Any CPU
		{4E66AF52-110F-4FB9-873B-1364C96B8A0F}.Release|Any CPU.ActiveCfg = Release|Any CPU
		{4E66AF52-110F-4FB9-873B-1364C96B8A0F}.Release|Any CPU.Build.0 = Release|Any CPU
		{8B5C33E3-6ECF-42EA-9A05-10AC9C7478F3}.Debug|Any CPU.ActiveCfg = Debug|Any CPU
		{8B5C33E3-6ECF-42EA-9A05-10AC9C7478F3}.Debug|Any CPU.Build.0 = Debug|Any CPU
		{8B5C33E3-6ECF-42EA-9A05-10AC9C7478F3}.Release|Any CPU.ActiveCfg = Release|Any CPU
		{8B5C33E3-6ECF-42EA-9A05-10AC9C7478F3}.Release|Any CPU.Build.0 = Release|Any CPU
		{21A15AB5-38A6-4E75-96A6-3FE67716EDE9}.Debug|Any CPU.ActiveCfg = Debug|Any CPU
		{21A15AB5-38A6-4E75-96A6-3FE67716EDE9}.Debug|Any CPU.Build.0 = Debug|Any CPU
		{21A15AB5-38A6-4E75-96A6-3FE67716EDE9}.Release|Any CPU.ActiveCfg = Release|Any CPU
		{21A15AB5-38A6-4E75-96A6-3FE67716EDE9}.Release|Any CPU.Build.0 = Release|Any CPU
	EndGlobalSection
	GlobalSection(SolutionProperties) = preSolution
		HideSolutionNode = FALSE
	EndGlobalSection
	GlobalSection(NestedProjects) = preSolution
		{331E2E6E-7B7F-4441-8F94-83D17E531DB8} = {49725CFD-8E87-404D-B875-A71B8F7AFE6D}
		{49162F99-0BBF-4011-A804-B268AAD5AD26} = {49725CFD-8E87-404D-B875-A71B8F7AFE6D}
		{35000553-10BF-46E6-885C-14826FB415B9} = {49725CFD-8E87-404D-B875-A71B8F7AFE6D}
		{E0DF195B-E2D8-42D2-A59A-7A02CF85DF28} = {49725CFD-8E87-404D-B875-A71B8F7AFE6D}
		{0E57DB04-B849-4D6D-B1A8-AA57730DA4F7} = {BC463BC6-DAED-4BB3-B43F-58C29C588EEB}
		{D1745B28-4B8F-43E4-80BC-012160ABE3A5} = {BC463BC6-DAED-4BB3-B43F-58C29C588EEB}
		{AFFE789C-CC82-44DC-8DFC-63ECB16B7C2B} = {BC463BC6-DAED-4BB3-B43F-58C29C588EEB}
		{BC463BC6-DAED-4BB3-B43F-58C29C588EEB} = {49725CFD-8E87-404D-B875-A71B8F7AFE6D}
		{A11D9F94-A6BE-40E7-9350-A82CB9A6358B} = {06CCDF13-3E12-478F-B6F6-3738140EE648}
		{2F215C94-4F8B-4086-A2FF-ECC80134428D} = {06CCDF13-3E12-478F-B6F6-3738140EE648}
		{BA95594A-7524-4827-B1A6-64CB38B79F9F} = {06CCDF13-3E12-478F-B6F6-3738140EE648}
		{FE3F9834-D3BE-47BC-AD84-7F96C7CAF2E9} = {49725CFD-8E87-404D-B875-A71B8F7AFE6D}
		{4E66AF52-110F-4FB9-873B-1364C96B8A0F} = {49725CFD-8E87-404D-B875-A71B8F7AFE6D}
		{8B5C33E3-6ECF-42EA-9A05-10AC9C7478F3} = {49725CFD-8E87-404D-B875-A71B8F7AFE6D}
		{21A15AB5-38A6-4E75-96A6-3FE67716EDE9} = {06CCDF13-3E12-478F-B6F6-3738140EE648}
	EndGlobalSection
	GlobalSection(ExtensibilityGlobals) = postSolution
		SolutionGuid = {79110916-5B2C-4F65-8179-405E52D74A6D}
	EndGlobalSection
EndGlobal
